
Microsoft Visual Studio Solution File, Format Version 12.00
# Visual Studio Version 16
VisualStudioVersion = 16.0.31624.102
MinimumVisualStudioVersion = 10.0.40219.1
Project("{FAE04EC0-301F-11D3-BF4B-00C04F79EFBC}") = "ShoppingCart", "ShoppingCart\ShoppingCart.csproj", "{81232CF5-484F-4957-862B-F4A28B24DD5A}"
EndProject
Global
	GlobalSection(SolutionConfigurationPlatforms) = preSolution
		Debug|Any CPU = Debug|Any CPU
		Release|Any CPU = Release|Any CPU
	EndGlobalSection
	GlobalSection(ProjectConfigurationPlatforms) = postSolution
		{81232CF5-484F-4957-862B-F4A28B24DD5A}.Debug|Any CPU.ActiveCfg = Debug|Any CPU
		{81232CF5-484F-4957-862B-F4A28B24DD5A}.Debug|Any CPU.Build.0 = Debug|Any CPU
		{81232CF5-484F-4957-862B-F4A28B24DD5A}.Release|Any CPU.ActiveCfg = Release|Any CPU
		{81232CF5-484F-4957-862B-F4A28B24DD5A}.Release|Any CPU.Build.0 = Release|Any CPU
	EndGlobalSection
	GlobalSection(SolutionProperties) = preSolution
		HideSolutionNode = FALSE
	EndGlobalSection
	GlobalSection(ExtensibilityGlobals) = postSolution
		SolutionGuid = {2CC17C64-B7B5-4021-94B2-3EDA3F1D37D7}
	EndGlobalSection
EndGlobal
